
Microsoft Visual Studio Solution File, Format Version 12.00
# Visual Studio Version 16
VisualStudioVersion = 16.0.29609.76
MinimumVisualStudioVersion = 10.0.40219.1
Project("{FAE04EC0-301F-11D3-BF4B-00C04F79EFBC}") = "FourierAnalyser", "FourierAnalyser\FourierAnalyser.csproj", "{B4D54D87-3BCD-45EE-A01F-620D7A76DB85}"
EndProject
Global
	GlobalSection(SolutionConfigurationPlatforms) = preSolution
		Debug|Any CPU = Debug|Any CPU
		Release|Any CPU = Release|Any CPU
	EndGlobalSection
	GlobalSection(ProjectConfigurationPlatforms) = postSolution
		{B4D54D87-3BCD-45EE-A01F-620D7A76DB85}.Debug|Any CPU.ActiveCfg = Debug|Any CPU
		{B4D54D87-3BCD-45EE-A01F-620D7A76DB85}.Debug|Any CPU.Build.0 = Debug|Any CPU
		{B4D54D87-3BCD-45EE-A01F-620D7A76DB85}.Release|Any CPU.ActiveCfg = Release|Any CPU
		{B4D54D87-3BCD-45EE-A01F-620D7A76DB85}.Release|Any CPU.Build.0 = Release|Any CPU
	EndGlobalSection
	GlobalSection(SolutionProperties) = preSolution
		HideSolutionNode = FALSE
	EndGlobalSection
	GlobalSection(ExtensibilityGlobals) = postSolution
		SolutionGuid = {8E2EF0AD-A96A-4F69-BC3B-6674AA374E13}
	EndGlobalSection
EndGlobal
